<?xml version="1.0" encoding="utf-8"?>
<Project ToolsVersion="4.0" xmlns="http://schemas.microsoft.com/developer/msbuild/2003">
  <ItemGroup>
    <Filter Include="Source Files">
      <UniqueIdentifier>{4FC737F1-C7A5-4376-A066-2A32D752A2FF}</UniqueIdentifier>
      <Extensions>cpp;c;cc;cxx;def;odl;idl;hpj;bat;asm;asmx</Extensions>
    </Filter>
    <Filter Include="Header Files">
      <UniqueIdentifier>{93995380-89BD-4b04-88EB-625FBE52EBFB}</UniqueIdentifier>
      <Extensions>h;hh;hpp;hxx;hm;inl;inc;ipp;xsd</Extensions>
    </Filter>
    <Filter Include="Resource Files">
      <UniqueIdentifier>{67DA6AB6-F800-4c08-8B7A-83BB121AAD01}</UniqueIdentifier>
      <Extensions>rc;ico;cur;bmp;dlg;rc2;rct;bin;rgs;gif;jpg;jpeg;jpe;resx;tiff;tif;png;wav;mfcribbon-ms</Extensions>
    </Filter>
    <Filter Include="shaders">
      <UniqueIdentifier>{1478ebf3-d86a-480c-a94e-47b0536939cc}</UniqueIdentifier>
    </Filter>
    <Filter Include="shaders\image">
      <UniqueIdentifier>{e5b6cbe7-dc1d-4749-bbe3-db9a8d8b2b32}</UniqueIdentifier>
    </Filter>
    <Filter Include="shaders\transformFeedback">
      <UniqueIdentifier>{1a273d03-4378-4e14-b3b9-2897e264a749}</UniqueIdentifier>
    </Filter>
    <Filter Include="shaders\transformFeedback2">
      <UniqueIdentifier>{7e4c777b-8ceb-4ae2-9aa8-e7c37d5a3552}</UniqueIdentifier>
    </Filter>
    <Filter Include="shaders\transformFeedback3">
      <UniqueIdentifier>{0845974f-823a-453b-a9a3-89d32d8e3d83}</UniqueIdentifier>
    </Filter>
    <Filter Include="shaders\point">
      <UniqueIdentifier>{65168d67-1dc8-4ddd-89c7-bc6cf212d9c1}</UniqueIdentifier>
    </Filter>
    <Filter Include="shaders\movePoint">
      <UniqueIdentifier>{7abac778-ba95-49b3-938d-c47022150651}</UniqueIdentifier>
    </Filter>
    <Filter Include="shaders\waveParticles">
      <UniqueIdentifier>{dc13273a-3166-44cf-b6c6-d68211e1cd11}</UniqueIdentifier>
    </Filter>
    <Filter Include="shaders\waveParticles\particlePropagation">
      <UniqueIdentifier>{9ee3d603-b65f-4876-b97d-b384ae23c9d3}</UniqueIdentifier>
    </Filter>
    <Filter Include="shaders\waveParticles\particleBlending">
      <UniqueIdentifier>{8bed190e-bdd3-4c88-a6de-0e06843617be}</UniqueIdentifier>
    </Filter>
    <Filter Include="shaders\waveParticles\distributionTextureCleanup">
      <UniqueIdentifier>{1f1e6529-1bba-436a-aee9-9d9b7194184e}</UniqueIdentifier>
    </Filter>
    <Filter Include="Header Files\Terrain">
      <UniqueIdentifier>{3d69da44-da6b-4b53-b71a-1caad9238163}</UniqueIdentifier>
    </Filter>
    <Filter Include="Header Files\Utilities">
      <UniqueIdentifier>{ebe30e55-8fa5-40c5-a681-ea243cd0e739}</UniqueIdentifier>
    </Filter>
    <Filter Include="shaders\waveParticles\waterSurface">
      <UniqueIdentifier>{813a7ecf-656e-4530-8ef7-b9bb3461a8c6}</UniqueIdentifier>
    </Filter>
    <Filter Include="Header Files\Shaders">
      <UniqueIdentifier>{fba55590-4617-4483-85e7-1781cf872564}</UniqueIdentifier>
    </Filter>
    <Filter Include="Header Files\Graphics">
      <UniqueIdentifier>{7ebdf172-2638-4e7f-9620-ba17210b7b81}</UniqueIdentifier>
    </Filter>
  </ItemGroup>
  <ItemGroup>
    <ClCompile Include="WaveParticles.cpp">
      <Filter>Source Files</Filter>
    </ClCompile>
    <ClCompile Include="glad.c">
      <Filter>Source Files</Filter>
    </ClCompile>
    <ClCompile Include="2DParticleSimulator.cpp">
      <Filter>Source Files</Filter>
    </ClCompile>
  </ItemGroup>
  <ItemGroup>
    <ClInclude Include="OpenGL.h">
      <Filter>Header Files</Filter>
    </ClInclude>
    <ClInclude Include="MainTimer.h">
      <Filter>Header Files</Filter>
    </ClInclude>
    <ClInclude Include="Particle.h">
      <Filter>Header Files</Filter>
    </ClInclude>
    <ClInclude Include="FileIO.h">
      <Filter>Header Files</Filter>
    </ClInclude>
    <ClInclude Include="TestTransformFeedback.h">
      <Filter>Header Files</Filter>
    </ClInclude>
    <ClInclude Include="RandomGenerator.h">
      <Filter>Header Files</Filter>
    </ClInclude>
    <ClInclude Include="TerrainMesh.h">
      <Filter>Header Files\Terrain</Filter>
    </ClInclude>
    <ClInclude Include="HeightMap.h">
      <Filter>Header Files\Terrain</Filter>
    </ClInclude>
    <ClInclude Include="WaterMesh.h">
      <Filter>Header Files\Terrain</Filter>
    </ClInclude>
    <ClInclude Include="ShaderLoader.h">
      <Filter>Header Files\Shaders</Filter>
    </ClInclude>
    <ClInclude Include="ShaderType.h">
      <Filter>Header Files\Shaders</Filter>
    </ClInclude>
    <ClInclude Include="ShaderWrapper.h">
      <Filter>Header Files\Shaders</Filter>
    </ClInclude>
    <ClInclude Include="Camera.h">
      <Filter>Header Files\Graphics</Filter>
    </ClInclude>
    <ClInclude Include="Image.h">
      <Filter>Header Files\Graphics</Filter>
    </ClInclude>
    <ClInclude Include="AspectRatio.h">
      <Filter>Header Files\Graphics</Filter>
    </ClInclude>
    <ClInclude Include="ApplicationWindow.h">
      <Filter>Header Files\Graphics</Filter>
    </ClInclude>
  </ItemGroup>
  <ItemGroup>
    <None Include="..\shaders\image\fragment.shd">
      <Filter>shaders\image</Filter>
    </None>
    <None Include="..\shaders\image\vertex.shd">
      <Filter>shaders\image</Filter>
    </None>
    <None Include="..\shaders\transformFeedback\vertex.shd">
      <Filter>shaders\transformFeedback</Filter>
    </None>
    <None Include="..\shaders\transformFeedback2\geometry.shd">
      <Filter>shaders\transformFeedback2</Filter>
    </None>
    <None Include="..\shaders\transformFeedback2\vertex.shd">
      <Filter>shaders\transformFeedback2</Filter>
    </None>
    <None Include="..\shaders\transformFeedback3\vertex.shd">
      <Filter>shaders\transformFeedback3</Filter>
    </None>
    <None Include="..\shaders\point\fragment.shd">
      <Filter>shaders\point</Filter>
    </None>
    <None Include="..\shaders\point\vertex.shd">
      <Filter>shaders\point</Filter>
    </None>
    <None Include="..\shaders\point\geometry.shd">
      <Filter>shaders\point</Filter>
    </None>
    <None Include="..\shaders\movePoint\vertex.shd">
      <Filter>shaders\movePoint</Filter>
    </None>
    <None Include="..\shaders\waveParticles\particlePropagation\geometry.shd">
      <Filter>shaders\waveParticles\particlePropagation</Filter>
    </None>
    <None Include="..\shaders\waveParticles\particlePropagation\vertex.shd">
      <Filter>shaders\waveParticles\particlePropagation</Filter>
    </None>
    <None Include="..\shaders\waveParticles\particleBlending\fragment.shd">
      <Filter>shaders\waveParticles\particleBlending</Filter>
    </None>
    <None Include="..\shaders\waveParticles\particleBlending\vertex.shd">
      <Filter>shaders\waveParticles\particleBlending</Filter>
    </None>
    <None Include="..\shaders\waveParticles\distributionTextureCleanup\fragment.shd">
      <Filter>shaders\waveParticles\distributionTextureCleanup</Filter>
    </None>
    <None Include="..\shaders\waveParticles\distributionTextureCleanup\vertex.shd">
      <Filter>shaders\waveParticles\distributionTextureCleanup</Filter>
    </None>
    <None Include="..\shaders\waveParticles\waterSurface\fragment.shd">
      <Filter>shaders\waveParticles\waterSurface</Filter>
    </None>
    <None Include="..\shaders\waveParticles\waterSurface\vertex.shd">
      <Filter>shaders\waveParticles\waterSurface</Filter>
    </None>
  </ItemGroup>
</Project>